{
  "name": "rust",
  "version": "0.1.0",
  "lockfileVersion": 3,
  "requires": true,
  "packages": {
    "": {
      "name": "rust",
      "version": "0.1.0",
      "dependencies": {
        "rust": "file:"
      }
    },
    "node_modules/rust": {
      "resolved": "",
      "link": true
    }
  }
}
